// !$*UTF8*$!
{
	archiveVersion = 1;
	classes = {
	};
	objectVersion = 55;
	objects = {

/* Begin PBXBuildFile section */
		CCA3006827A4558A001203B4 /* ApodRequest.swift in Sources */ = {isa = PBXBuildFile; fileRef = CCA3006727A4558A001203B4 /* ApodRequest.swift */; };
		CCA3006A27A46AA7001203B4 /* APIError.swift in Sources */ = {isa = PBXBuildFile; fileRef = CCA3006927A46AA7001203B4 /* APIError.swift */; };
		CCA3006C27A46B27001203B4 /* NetworkAPI.swift in Sources */ = {isa = PBXBuildFile; fileRef = CCA3006B27A46B27001203B4 /* NetworkAPI.swift */; };
		CCA3006F27A4F642001203B4 /* AstronomyViewModel.swift in Sources */ = {isa = PBXBuildFile; fileRef = CCA3006E27A4F642001203B4 /* AstronomyViewModel.swift */; };
		CCA3007127A55AAD001203B4 /* AstronomyDetailsModel.swift in Sources */ = {isa = PBXBuildFile; fileRef = CCA3007027A55AAD001203B4 /* AstronomyDetailsModel.swift */; };
		CCA3007327A55C3D001203B4 /* LoadingView.swift in Sources */ = {isa = PBXBuildFile; fileRef = CCA3007227A55C3D001203B4 /* LoadingView.swift */; };
		CCA3007727A61A96001203B4 /* ImageLoader.swift in Sources */ = {isa = PBXBuildFile; fileRef = CCA3007627A61A96001203B4 /* ImageLoader.swift */; };
		CCA3007927A621B4001203B4 /* APODImageView.swift in Sources */ = {isa = PBXBuildFile; fileRef = CCA3007827A621B4001203B4 /* APODImageView.swift */; };
		CCD818E827A2ED9700BB8602 /* APODApp.swift in Sources */ = {isa = PBXBuildFile; fileRef = CCD818E727A2ED9700BB8602 /* APODApp.swift */; };
		CCD818EA27A2ED9700BB8602 /* AstronomyInfoView.swift in Sources */ = {isa = PBXBuildFile; fileRef = CCD818E927A2ED9700BB8602 /* AstronomyInfoView.swift */; };
		CCD818EC27A2ED9A00BB8602 /* Assets.xcassets in Resources */ = {isa = PBXBuildFile; fileRef = CCD818EB27A2ED9A00BB8602 /* Assets.xcassets */; };
		CCD818F727A43A2400BB8602 /* RequestBuilder.swift in Sources */ = {isa = PBXBuildFile; fileRef = CCD818F627A43A2400BB8602 /* RequestBuilder.swift */; };
/* End PBXBuildFile section */

/* Begin PBXFileReference section */
		CCA3006727A4558A001203B4 /* ApodRequest.swift */ = {isa = PBXFileReference; lastKnownFileType = sourcecode.swift; path = ApodRequest.swift; sourceTree = "<group>"; };
		CCA3006927A46AA7001203B4 /* APIError.swift */ = {isa = PBXFileReference; lastKnownFileType = sourcecode.swift; path = APIError.swift; sourceTree = "<group>"; };
		CCA3006B27A46B27001203B4 /* NetworkAPI.swift */ = {isa = PBXFileReference; lastKnownFileType = sourcecode.swift; path = NetworkAPI.swift; sourceTree = "<group>"; };
		CCA3006E27A4F642001203B4 /* AstronomyViewModel.swift */ = {isa = PBXFileReference; lastKnownFileType = sourcecode.swift; path = AstronomyViewModel.swift; sourceTree = "<group>"; };
		CCA3007027A55AAD001203B4 /* AstronomyDetailsModel.swift */ = {isa = PBXFileReference; lastKnownFileType = sourcecode.swift; path = AstronomyDetailsModel.swift; sourceTree = "<group>"; };
		CCA3007227A55C3D001203B4 /* LoadingView.swift */ = {isa = PBXFileReference; lastKnownFileType = sourcecode.swift; path = LoadingView.swift; sourceTree = "<group>"; };
		CCA3007627A61A96001203B4 /* ImageLoader.swift */ = {isa = PBXFileReference; lastKnownFileType = sourcecode.swift; path = ImageLoader.swift; sourceTree = "<group>"; };
		CCA3007827A621B4001203B4 /* APODImageView.swift */ = {isa = PBXFileReference; lastKnownFileType = sourcecode.swift; path = APODImageView.swift; sourceTree = "<group>"; };
		CCD818E427A2ED9700BB8602 /* APOD.app */ = {isa = PBXFileReference; explicitFileType = wrapper.application; includeInIndex = 0; path = APOD.app; sourceTree = BUILT_PRODUCTS_DIR; };
		CCD818E727A2ED9700BB8602 /* APODApp.swift */ = {isa = PBXFileReference; lastKnownFileType = sourcecode.swift; path = APODApp.swift; sourceTree = "<group>"; };
		CCD818E927A2ED9700BB8602 /* AstronomyInfoView.swift */ = {isa = PBXFileReference; lastKnownFileType = sourcecode.swift; path = AstronomyInfoView.swift; sourceTree = "<group>"; };
		CCD818EB27A2ED9A00BB8602 /* Assets.xcassets */ = {isa = PBXFileReference; lastKnownFileType = folder.assetcatalog; path = Assets.xcassets; sourceTree = "<group>"; };
		CCD818F627A43A2400BB8602 /* RequestBuilder.swift */ = {isa = PBXFileReference; lastKnownFileType = sourcecode.swift; path = RequestBuilder.swift; sourceTree = "<group>"; };
/* End PBXFileReference section */

/* Begin PBXFrameworksBuildPhase section */
		CCD818E127A2ED9700BB8602 /* Frameworks */ = {
			isa = PBXFrameworksBuildPhase;
			buildActionMask = 2147483647;
			files = (
			);
			runOnlyForDeploymentPostprocessing = 0;
		};
/* End PBXFrameworksBuildPhase section */

/* Begin PBXGroup section */
		CCA3006D27A4F61B001203B4 /* AstronomyView */ = {
			isa = PBXGroup;
			children = (
				CCD818E927A2ED9700BB8602 /* AstronomyInfoView.swift */,
				CCA3006E27A4F642001203B4 /* AstronomyViewModel.swift */,
				CCA3007027A55AAD001203B4 /* AstronomyDetailsModel.swift */,
			);
			path = AstronomyView;
			sourceTree = "<group>";
		};
		CCA3007427A55C44001203B4 /* LoadingView */ = {
			isa = PBXGroup;
			children = (
				CCA3007227A55C3D001203B4 /* LoadingView.swift */,
			);
			path = LoadingView;
			sourceTree = "<group>";
		};
		CCA3007527A61A87001203B4 /* ImageLoader */ = {
			isa = PBXGroup;
			children = (
				CCA3007627A61A96001203B4 /* ImageLoader.swift */,
				CCA3007827A621B4001203B4 /* APODImageView.swift */,
			);
			path = ImageLoader;
			sourceTree = "<group>";
		};
		CCD818DB27A2ED9700BB8602 = {
			isa = PBXGroup;
			children = (
				CCD818E627A2ED9700BB8602 /* APOD */,
				CCD818E527A2ED9700BB8602 /* Products */,
			);
			sourceTree = "<group>";
		};
		CCD818E527A2ED9700BB8602 /* Products */ = {
			isa = PBXGroup;
			children = (
				CCD818E427A2ED9700BB8602 /* APOD.app */,
			);
			name = Products;
			sourceTree = "<group>";
		};
		CCD818E627A2ED9700BB8602 /* APOD */ = {
			isa = PBXGroup;
			children = (
				CCA3007527A61A87001203B4 /* ImageLoader */,
				CCA3007427A55C44001203B4 /* LoadingView */,
				CCA3006D27A4F61B001203B4 /* AstronomyView */,
				CCD818F527A43A0800BB8602 /* API */,
				CCD818E727A2ED9700BB8602 /* APODApp.swift */,
				CCD818EB27A2ED9A00BB8602 /* Assets.xcassets */,
			);
			path = APOD;
			sourceTree = "<group>";
		};
		CCD818F527A43A0800BB8602 /* API */ = {
			isa = PBXGroup;
			children = (
				CCD818F627A43A2400BB8602 /* RequestBuilder.swift */,
				CCA3006727A4558A001203B4 /* ApodRequest.swift */,
				CCA3006927A46AA7001203B4 /* APIError.swift */,
				CCA3006B27A46B27001203B4 /* NetworkAPI.swift */,
			);
			path = API;
			sourceTree = "<group>";
		};
/* End PBXGroup section */

/* Begin PBXNativeTarget section */
		CCD818E327A2ED9700BB8602 /* APOD */ = {
			isa = PBXNativeTarget;
			buildConfigurationList = CCD818F227A2ED9A00BB8602 /* Build configuration list for PBXNativeTarget "APOD" */;
			buildPhases = (
				CCD818E027A2ED9700BB8602 /* Sources */,
				CCD818E127A2ED9700BB8602 /* Frameworks */,
				CCD818E227A2ED9700BB8602 /* Resources */,
			);
			buildRules = (
			);
			dependencies = (
			);
			name = APOD;
			productName = APOD;
			productReference = CCD818E427A2ED9700BB8602 /* APOD.app */;
			productType = "com.apple.product-type.application";
		};
/* End PBXNativeTarget section */

/* Begin PBXProject section */
		CCD818DC27A2ED9700BB8602 /* Project object */ = {
			isa = PBXProject;
			attributes = {
				BuildIndependentTargetsInParallel = 1;
				LastSwiftUpdateCheck = 1300;
				LastUpgradeCheck = 1300;
				TargetAttributes = {
					CCD818E327A2ED9700BB8602 = {
						CreatedOnToolsVersion = 13.0;
					};
				};
			};
			buildConfigurationList = CCD818DF27A2ED9700BB8602 /* Build configuration list for PBXProject "APOD" */;
			compatibilityVersion = "Xcode 13.0";
			developmentRegion = en;
			hasScannedForEncodings = 0;
			knownRegions = (
				en,
				Base,
			);
			mainGroup = CCD818DB27A2ED9700BB8602;
			productRefGroup = CCD818E527A2ED9700BB8602 /* Products */;
			projectDirPath = "";
			projectRoot = "";
			targets = (
				CCD818E327A2ED9700BB8602 /* APOD */,
			);
		};
/* End PBXProject section */

/* Begin PBXResourcesBuildPhase section */
		CCD818E227A2ED9700BB8602 /* Resources */ = {
			isa = PBXResourcesBuildPhase;
			buildActionMask = 2147483647;
			files = (
				CCD818EC27A2ED9A00BB8602 /* Assets.xcassets in Resources */,
			);
			runOnlyForDeploymentPostprocessing = 0;
		};
/* End PBXResourcesBuildPhase section */

/* Begin PBXSourcesBuildPhase section */
		CCD818E027A2ED9700BB8602 /* Sources */ = {
			isa = PBXSourcesBuildPhase;
			buildActionMask = 2147483647;
			files = (
				CCD818EA27A2ED9700BB8602 /* AstronomyInfoView.swift in Sources */,
				CCA3007127A55AAD001203B4 /* AstronomyDetailsModel.swift in Sources */,
				CCA3007927A621B4001203B4 /* APODImageView.swift in Sources */,
				CCA3007727A61A96001203B4 /* ImageLoader.swift in Sources */,
				CCD818E827A2ED9700BB8602 /* APODApp.swift in Sources */,
				CCA3006827A4558A001203B4 /* ApodRequest.swift in Sources */,
				CCA3006F27A4F642001203B4 /* AstronomyViewModel.swift in Sources */,
				CCA3006A27A46AA7001203B4 /* APIError.swift in Sources */,
				CCD818F727A43A2400BB8602 /* RequestBuilder.swift in Sources */,
				CCA3006C27A46B27001203B4 /* NetworkAPI.swift in Sources */,
				CCA3007327A55C3D001203B4 /* LoadingView.swift in Sources */,
			);
			runOnlyForDeploymentPostprocessing = 0;
		};
/* End PBXSourcesBuildPhase section */

/* Begin XCBuildConfiguration section */
		CCD818F027A2ED9A00BB8602 /* Debug */ = {
			isa = XCBuildConfiguration;
			buildSettings = {
				ALWAYS_SEARCH_USER_PATHS = NO;
				CLANG_ANALYZER_NONNULL = YES;
				CLANG_ANALYZER_NUMBER_OBJECT_CONVERSION = YES_AGGRESSIVE;
				CLANG_CXX_LANGUAGE_STANDARD = "gnu++17";
				CLANG_CXX_LIBRARY = "libc++";
				CLANG_ENABLE_MODULES = YES;
				CLANG_ENABLE_OBJC_ARC = YES;
				CLANG_ENABLE_OBJC_WEAK = YES;
				CLANG_WARN_BLOCK_CAPTURE_AUTORELEASING = YES;
				CLANG_WARN_BOOL_CONVERSION = YES;
				CLANG_WARN_COMMA = YES;
				CLANG_WARN_CONSTANT_CONVERSION = YES;
				CLANG_WARN_DEPRECATED_OBJC_IMPLEMENTATIONS = YES;
				CLANG_WARN_DIRECT_OBJC_ISA_USAGE = YES_ERROR;
				CLANG_WARN_DOCUMENTATION_COMMENTS = YES;
				CLANG_WARN_EMPTY_BODY = YES;
				CLANG_WARN_ENUM_CONVERSION = YES;
				CLANG_WARN_INFINITE_RECURSION = YES;
				CLANG_WARN_INT_CONVERSION = YES;
				CLANG_WARN_NON_LITERAL_NULL_CONVERSION = YES;
				CLANG_WARN_OBJC_IMPLICIT_RETAIN_SELF = YES;
				CLANG_WARN_OBJC_LITERAL_CONVERSION = YES;
				CLANG_WARN_OBJC_ROOT_CLASS = YES_ERROR;
				CLANG_WARN_QUOTED_INCLUDE_IN_FRAMEWORK_HEADER = YES;
				CLANG_WARN_RANGE_LOOP_ANALYSIS = YES;
				CLANG_WARN_STRICT_PROTOTYPES = YES;
				CLANG_WARN_SUSPICIOUS_MOVE = YES;
				CLANG_WARN_UNGUARDED_AVAILABILITY = YES_AGGRESSIVE;
				CLANG_WARN_UNREACHABLE_CODE = YES;
				CLANG_WARN__DUPLICATE_METHOD_MATCH = YES;
				COPY_PHASE_STRIP = NO;
				DEBUG_INFORMATION_FORMAT = dwarf;
				ENABLE_STRICT_OBJC_MSGSEND = YES;
				ENABLE_TESTABILITY = YES;
				GCC_C_LANGUAGE_STANDARD = gnu11;
				GCC_DYNAMIC_NO_PIC = NO;
				GCC_NO_COMMON_BLOCKS = YES;
				GCC_OPTIMIZATION_LEVEL = 0;
				GCC_PREPROCESSOR_DEFINITIONS = (
					"DEBUG=1",
					"$(inherited)",
				);
				GCC_WARN_64_TO_32_BIT_CONVERSION = YES;
				GCC_WARN_ABOUT_RETURN_TYPE = YES_ERROR;
				GCC_WARN_UNDECLARED_SELECTOR = YES;
				GCC_WARN_UNINITIALIZED_AUTOS = YES_AGGRESSIVE;
				GCC_WARN_UNUSED_FUNCTION = YES;
				GCC_WARN_UNUSED_VARIABLE = YES;
				IPHONEOS_DEPLOYMENT_TARGET = 15.0;
				MTL_ENABLE_DEBUG_INFO = INCLUDE_SOURCE;
				MTL_FAST_MATH = YES;
				ONLY_ACTIVE_ARCH = YES;
				SDKROOT = iphoneos;
				SWIFT_ACTIVE_COMPILATION_CONDITIONS = DEBUG;
				SWIFT_OPTIMIZATION_LEVEL = "-Onone";
			};
			name = Debug;
		};
		CCD818F127A2ED9A00BB8602 /* Release */ = {
			isa = XCBuildConfiguration;
			buildSettings = {
				ALWAYS_SEARCH_USER_PATHS = NO;
				CLANG_ANALYZER_NONNULL = YES;
				CLANG_ANALYZER_NUMBER_OBJECT_CONVERSION = YES_AGGRESSIVE;
				CLANG_CXX_LANGUAGE_STANDARD = "gnu++17";
				CLANG_CXX_LIBRARY = "libc++";
				CLANG_ENABLE_MODULES = YES;
				CLANG_ENABLE_OBJC_ARC = YES;
				CLANG_ENABLE_OBJC_WEAK = YES;
				CLANG_WARN_BLOCK_CAPTURE_AUTORELEASING = YES;
				CLANG_WARN_BOOL_CONVERSION = YES;
				CLANG_WARN_COMMA = YES;
				CLANG_WARN_CONSTANT_CONVERSION = YES;
				CLANG_WARN_DEPRECATED_OBJC_IMPLEMENTATIONS = YES;
				CLANG_WARN_DIRECT_OBJC_ISA_USAGE = YES_ERROR;
				CLANG_WARN_DOCUMENTATION_COMMENTS = YES;
				CLANG_WARN_EMPTY_BODY = YES;
				CLANG_WARN_ENUM_CONVERSION = YES;
				CLANG_WARN_INFINITE_RECURSION = YES;
				CLANG_WARN_INT_CONVERSION = YES;
				CLANG_WARN_NON_LITERAL_NULL_CONVERSION = YES;
				CLANG_WARN_OBJC_IMPLICIT_RETAIN_SELF = YES;
				CLANG_WARN_OBJC_LITERAL_CONVERSION = YES;
				CLANG_WARN_OBJC_ROOT_CLASS = YES_ERROR;
				CLANG_WARN_QUOTED_INCLUDE_IN_FRAMEWORK_HEADER = YES;
				CLANG_WARN_RANGE_LOOP_ANALYSIS = YES;
				CLANG_WARN_STRICT_PROTOTYPES = YES;
				CLANG_WARN_SUSPICIOUS_MOVE = YES;
				CLANG_WARN_UNGUARDED_AVAILABILITY = YES_AGGRESSIVE;
				CLANG_WARN_UNREACHABLE_CODE = YES;
				CLANG_WARN__DUPLICATE_METHOD_MATCH = YES;
				COPY_PHASE_STRIP = NO;
				DEBUG_INFORMATION_FORMAT = "dwarf-with-dsym";
				ENABLE_NS_ASSERTIONS = NO;
				ENABLE_STRICT_OBJC_MSGSEND = YES;
				GCC_C_LANGUAGE_STANDARD = gnu11;
				GCC_NO_COMMON_BLOCKS = YES;
				GCC_WARN_64_TO_32_BIT_CONVERSION = YES;
				GCC_WARN_ABOUT_RETURN_TYPE = YES_ERROR;
				GCC_WARN_UNDECLARED_SELECTOR = YES;
				GCC_WARN_UNINITIALIZED_AUTOS = YES_AGGRESSIVE;
				GCC_WARN_UNUSED_FUNCTION = YES;
				GCC_WARN_UNUSED_VARIABLE = YES;
				IPHONEOS_DEPLOYMENT_TARGET = 15.0;
				MTL_ENABLE_DEBUG_INFO = NO;
				MTL_FAST_MATH = YES;
				SDKROOT = iphoneos;
				SWIFT_COMPILATION_MODE = wholemodule;
				SWIFT_OPTIMIZATION_LEVEL = "-O";
				VALIDATE_PRODUCT = YES;
			};
			name = Release;
		};
		CCD818F327A2ED9A00BB8602 /* Debug */ = {
			isa = XCBuildConfiguration;
			buildSettings = {
				ASSETCATALOG_COMPILER_APPICON_NAME = AppIcon;
				ASSETCATALOG_COMPILER_GLOBAL_ACCENT_COLOR_NAME = AccentColor;
				CODE_SIGN_STYLE = Automatic;
				CURRENT_PROJECT_VERSION = 1;
				ENABLE_PREVIEWS = YES;
				GENERATE_INFOPLIST_FILE = YES;
				INFOPLIST_KEY_UIApplicationSceneManifest_Generation = YES;
				INFOPLIST_KEY_UIApplicationSupportsIndirectInputEvents = YES;
				INFOPLIST_KEY_UILaunchScreen_Generation = YES;
				INFOPLIST_KEY_UISupportedInterfaceOrientations_iPad = "UIInterfaceOrientationPortrait UIInterfaceOrientationPortraitUpsideDown UIInterfaceOrientationLandscapeLeft UIInterfaceOrientationLandscapeRight";
				INFOPLIST_KEY_UISupportedInterfaceOrientations_iPhone = "UIInterfaceOrientationPortrait UIInterfaceOrientationLandscapeLeft UIInterfaceOrientationLandscapeRight";
				IPHONEOS_DEPLOYMENT_TARGET = 14.0;
				LD_RUNPATH_SEARCH_PATHS = (
					"$(inherited)",
					"@executable_path/Frameworks",
				);
				MARKETING_VERSION = 1.0;
				PRODUCT_BUNDLE_IDENTIFIER = com.ios.APOD;
				PRODUCT_NAME = "$(TARGET_NAME)";
				SWIFT_EMIT_LOC_STRINGS = YES;
				SWIFT_VERSION = 5.0;
				TARGETED_DEVICE_FAMILY = "1,2";
			};
			name = Debug;
		};
		CCD818F427A2ED9A00BB8602 /* Release */ = {
			isa = XCBuildConfiguration;
			buildSettings = {
				ASSETCATALOG_COMPILER_APPICON_NAME = AppIcon;
				ASSETCATALOG_COMPILER_GLOBAL_ACCENT_COLOR_NAME = AccentColor;
				CODE_SIGN_STYLE = Automatic;
				CURRENT_PROJECT_VERSION = 1;
				ENABLE_PREVIEWS = YES;
				GENERATE_INFOPLIST_FILE = YES;
				INFOPLIST_KEY_UIApplicationSceneManifest_Generation = YES;
				INFOPLIST_KEY_UIApplicationSupportsIndirectInputEvents = YES;
				INFOPLIST_KEY_UILaunchScreen_Generation = YES;
				INFOPLIST_KEY_UISupportedInterfaceOrientations_iPad = "UIInterfaceOrientationPortrait UIInterfaceOrientationPortraitUpsideDown UIInterfaceOrientationLandscapeLeft UIInterfaceOrientationLandscapeRight";
				INFOPLIST_KEY_UISupportedInterfaceOrientations_iPhone = "UIInterfaceOrientationPortrait UIInterfaceOrientationLandscapeLeft UIInterfaceOrientationLandscapeRight";
				IPHONEOS_DEPLOYMENT_TARGET = 14.0;
				LD_RUNPATH_SEARCH_PATHS = (
					"$(inherited)",
					"@executable_path/Frameworks",
				);
				MARKETING_VERSION = 1.0;
				PRODUCT_BUNDLE_IDENTIFIER = com.ios.APOD;
				PRODUCT_NAME = "$(TARGET_NAME)";
				SWIFT_EMIT_LOC_STRINGS = YES;
				SWIFT_VERSION = 5.0;
				TARGETED_DEVICE_FAMILY = "1,2";
			};
			name = Release;
		};
/* End XCBuildConfiguration section */

/* Begin XCConfigurationList section */
		CCD818DF27A2ED9700BB8602 /* Build configuration list for PBXProject "APOD" */ = {
			isa = XCConfigurationList;
			buildConfigurations = (
				CCD818F027A2ED9A00BB8602 /* Debug */,
				CCD818F127A2ED9A00BB8602 /* Release */,
			);
			defaultConfigurationIsVisible = 0;
			defaultConfigurationName = Release;
		};
		CCD818F227A2ED9A00BB8602 /* Build configuration list for PBXNativeTarget "APOD" */ = {
			isa = XCConfigurationList;
			buildConfigurations = (
				CCD818F327A2ED9A00BB8602 /* Debug */,
				CCD818F427A2ED9A00BB8602 /* Release */,
			);
			defaultConfigurationIsVisible = 0;
			defaultConfigurationName = Release;
		};
/* End XCConfigurationList section */
	};
	rootObject = CCD818DC27A2ED9700BB8602 /* Project object */;
}
